
Microsoft Visual Studio Solution File, Format Version 12.00
# Visual Studio 15
VisualStudioVersion = 15.0.27703.2000
MinimumVisualStudioVersion = 10.0.40219.1
Project("{FAE04EC0-301F-11D3-BF4B-00C04F79EFBC}") = "ConsoleApp3", "ConsoleApp3\ConsoleApp3.csproj", "{82BFEB24-DF98-4CD0-9E7F-8BF4EF9B7ACF}"
EndProject
Global
	GlobalSection(SolutionConfigurationPlatforms) = preSolution
		Debug|Any CPU = Debug|Any CPU
		Release|Any CPU = Release|Any CPU
	EndGlobalSection
	GlobalSection(ProjectConfigurationPlatforms) = postSolution
		{82BFEB24-DF98-4CD0-9E7F-8BF4EF9B7ACF}.Debug|Any CPU.ActiveCfg = Debug|Any CPU
		{82BFEB24-DF98-4CD0-9E7F-8BF4EF9B7ACF}.Debug|Any CPU.Build.0 = Debug|Any CPU
		{82BFEB24-DF98-4CD0-9E7F-8BF4EF9B7ACF}.Release|Any CPU.ActiveCfg = Release|Any CPU
		{82BFEB24-DF98-4CD0-9E7F-8BF4EF9B7ACF}.Release|Any CPU.Build.0 = Release|Any CPU
	EndGlobalSection
	GlobalSection(SolutionProperties) = preSolution
		HideSolutionNode = FALSE
	EndGlobalSection
	GlobalSection(ExtensibilityGlobals) = postSolution
		SolutionGuid = {92E4721C-7EB6-4317-9A89-D8ADED594090}
	EndGlobalSection
EndGlobal
