
Microsoft Visual Studio Solution File, Format Version 12.00
# Visual Studio 15
VisualStudioVersion = 15.0.28010.2036
MinimumVisualStudioVersion = 10.0.40219.1
Project("{FAE04EC0-301F-11D3-BF4B-00C04F79EFBC}") = "01. Reverse Strings", "01. Reverse Strings\01. Reverse Strings.csproj", "{13AD95C5-967F-4A11-809E-5B6C1DCD2F12}"
EndProject
Project("{FAE04EC0-301F-11D3-BF4B-00C04F79EFBC}") = "02. Repeat Strings", "02. Repeat Strings\02. Repeat Strings.csproj", "{31B90496-9AF6-4487-9A16-8940F4847EE6}"
EndProject
Project("{FAE04EC0-301F-11D3-BF4B-00C04F79EFBC}") = "03. Substring", "03. Substring\03. Substring.csproj", "{10D99CEA-5276-431A-AA5B-635347FBC4EF}"
EndProject
Project("{FAE04EC0-301F-11D3-BF4B-00C04F79EFBC}") = "04. Text Filter", "04. Text Filter\04. Text Filter.csproj", "{A45B9D45-6FE2-4BF7-876C-011761E377EB}"
EndProject
Project("{FAE04EC0-301F-11D3-BF4B-00C04F79EFBC}") = "05. Digits, Letters and Other", "05. Digits, Letters and Other\05. Digits, Letters and Other.csproj", "{621509FE-A54A-47E2-BFB2-F5F126F57778}"
EndProject
Global
	GlobalSection(SolutionConfigurationPlatforms) = preSolution
		Debug|Any CPU = Debug|Any CPU
		Release|Any CPU = Release|Any CPU
	EndGlobalSection
	GlobalSection(ProjectConfigurationPlatforms) = postSolution
		{13AD95C5-967F-4A11-809E-5B6C1DCD2F12}.Debug|Any CPU.ActiveCfg = Debug|Any CPU
		{13AD95C5-967F-4A11-809E-5B6C1DCD2F12}.Debug|Any CPU.Build.0 = Debug|Any CPU
		{13AD95C5-967F-4A11-809E-5B6C1DCD2F12}.Release|Any CPU.ActiveCfg = Release|Any CPU
		{13AD95C5-967F-4A11-809E-5B6C1DCD2F12}.Release|Any CPU.Build.0 = Release|Any CPU
		{31B90496-9AF6-4487-9A16-8940F4847EE6}.Debug|Any CPU.ActiveCfg = Debug|Any CPU
		{31B90496-9AF6-4487-9A16-8940F4847EE6}.Debug|Any CPU.Build.0 = Debug|Any CPU
		{31B90496-9AF6-4487-9A16-8940F4847EE6}.Release|Any CPU.ActiveCfg = Release|Any CPU
		{31B90496-9AF6-4487-9A16-8940F4847EE6}.Release|Any CPU.Build.0 = Release|Any CPU
		{10D99CEA-5276-431A-AA5B-635347FBC4EF}.Debug|Any CPU.ActiveCfg = Debug|Any CPU
		{10D99CEA-5276-431A-AA5B-635347FBC4EF}.Debug|Any CPU.Build.0 = Debug|Any CPU
		{10D99CEA-5276-431A-AA5B-635347FBC4EF}.Release|Any CPU.ActiveCfg = Release|Any CPU
		{10D99CEA-5276-431A-AA5B-635347FBC4EF}.Release|Any CPU.Build.0 = Release|Any CPU
		{A45B9D45-6FE2-4BF7-876C-011761E377EB}.Debug|Any CPU.ActiveCfg = Debug|Any CPU
		{A45B9D45-6FE2-4BF7-876C-011761E377EB}.Debug|Any CPU.Build.0 = Debug|Any CPU
		{A45B9D45-6FE2-4BF7-876C-011761E377EB}.Release|Any CPU.ActiveCfg = Release|Any CPU
		{A45B9D45-6FE2-4BF7-876C-011761E377EB}.Release|Any CPU.Build.0 = Release|Any CPU
		{621509FE-A54A-47E2-BFB2-F5F126F57778}.Debug|Any CPU.ActiveCfg = Debug|Any CPU
		{621509FE-A54A-47E2-BFB2-F5F126F57778}.Debug|Any CPU.Build.0 = Debug|Any CPU
		{621509FE-A54A-47E2-BFB2-F5F126F57778}.Release|Any CPU.ActiveCfg = Release|Any CPU
		{621509FE-A54A-47E2-BFB2-F5F126F57778}.Release|Any CPU.Build.0 = Release|Any CPU
	EndGlobalSection
	GlobalSection(SolutionProperties) = preSolution
		HideSolutionNode = FALSE
	EndGlobalSection
	GlobalSection(ExtensibilityGlobals) = postSolution
		SolutionGuid = {57475D72-EE5F-4B7E-A51E-62D930FB79C4}
	EndGlobalSection
EndGlobal
