
Microsoft Visual Studio Solution File, Format Version 12.00
# Visual Studio 15
VisualStudioVersion = 15.0.28307.106
MinimumVisualStudioVersion = 10.0.40219.1
Project("{FAE04EC0-301F-11D3-BF4B-00C04F79EFBC}") = "03. Nether Realms", "03. Nether Realms\03. Nether Realms.csproj", "{BAB1D32B-C2B0-47FB-B1FF-AF06B3F9CED0}"
EndProject
Global
	GlobalSection(SolutionConfigurationPlatforms) = preSolution
		Debug|Any CPU = Debug|Any CPU
		Release|Any CPU = Release|Any CPU
	EndGlobalSection
	GlobalSection(ProjectConfigurationPlatforms) = postSolution
		{BAB1D32B-C2B0-47FB-B1FF-AF06B3F9CED0}.Debug|Any CPU.ActiveCfg = Debug|Any CPU
		{BAB1D32B-C2B0-47FB-B1FF-AF06B3F9CED0}.Debug|Any CPU.Build.0 = Debug|Any CPU
		{BAB1D32B-C2B0-47FB-B1FF-AF06B3F9CED0}.Release|Any CPU.ActiveCfg = Release|Any CPU
		{BAB1D32B-C2B0-47FB-B1FF-AF06B3F9CED0}.Release|Any CPU.Build.0 = Release|Any CPU
	EndGlobalSection
	GlobalSection(SolutionProperties) = preSolution
		HideSolutionNode = FALSE
	EndGlobalSection
	GlobalSection(ExtensibilityGlobals) = postSolution
		SolutionGuid = {F83450A1-21FD-4C73-9225-6F47C30F3E7A}
	EndGlobalSection
EndGlobal
