
Microsoft Visual Studio Solution File, Format Version 12.00
# Visual Studio 15
VisualStudioVersion = 15.0.28010.2036
MinimumVisualStudioVersion = 10.0.40219.1
Project("{FAE04EC0-301F-11D3-BF4B-00C04F79EFBC}") = "01. Baking Masterclass", "01. Baking Masterclass\01. Baking Masterclass.csproj", "{7791E213-EC4D-4EED-B8F5-E3A081B8DBC2}"
EndProject
Project("{FAE04EC0-301F-11D3-BF4B-00C04F79EFBC}") = "02. Baking Rush", "02. Baking Rush\02. Baking Rush.csproj", "{DF4B46F0-5A9F-4379-87B6-65EA13A8C111}"
EndProject
Project("{FAE04EC0-301F-11D3-BF4B-00C04F79EFBC}") = "03. Baking Factory", "03. Baking Factory\03. Baking Factory.csproj", "{5D932577-5F04-4355-998A-224A4CE7977F}"
EndProject
Global
	GlobalSection(SolutionConfigurationPlatforms) = preSolution
		Debug|Any CPU = Debug|Any CPU
		Release|Any CPU = Release|Any CPU
	EndGlobalSection
	GlobalSection(ProjectConfigurationPlatforms) = postSolution
		{7791E213-EC4D-4EED-B8F5-E3A081B8DBC2}.Debug|Any CPU.ActiveCfg = Debug|Any CPU
		{7791E213-EC4D-4EED-B8F5-E3A081B8DBC2}.Debug|Any CPU.Build.0 = Debug|Any CPU
		{7791E213-EC4D-4EED-B8F5-E3A081B8DBC2}.Release|Any CPU.ActiveCfg = Release|Any CPU
		{7791E213-EC4D-4EED-B8F5-E3A081B8DBC2}.Release|Any CPU.Build.0 = Release|Any CPU
		{DF4B46F0-5A9F-4379-87B6-65EA13A8C111}.Debug|Any CPU.ActiveCfg = Debug|Any CPU
		{DF4B46F0-5A9F-4379-87B6-65EA13A8C111}.Debug|Any CPU.Build.0 = Debug|Any CPU
		{DF4B46F0-5A9F-4379-87B6-65EA13A8C111}.Release|Any CPU.ActiveCfg = Release|Any CPU
		{DF4B46F0-5A9F-4379-87B6-65EA13A8C111}.Release|Any CPU.Build.0 = Release|Any CPU
		{5D932577-5F04-4355-998A-224A4CE7977F}.Debug|Any CPU.ActiveCfg = Debug|Any CPU
		{5D932577-5F04-4355-998A-224A4CE7977F}.Debug|Any CPU.Build.0 = Debug|Any CPU
		{5D932577-5F04-4355-998A-224A4CE7977F}.Release|Any CPU.ActiveCfg = Release|Any CPU
		{5D932577-5F04-4355-998A-224A4CE7977F}.Release|Any CPU.Build.0 = Release|Any CPU
	EndGlobalSection
	GlobalSection(SolutionProperties) = preSolution
		HideSolutionNode = FALSE
	EndGlobalSection
	GlobalSection(ExtensibilityGlobals) = postSolution
		SolutionGuid = {0E64E35D-A772-4FEF-B179-3533939B4E31}
	EndGlobalSection
EndGlobal
